
Microsoft Visual Studio Solution File, Format Version 12.00
# Visual Studio Version 16
VisualStudioVersion = 16.0.30204.135
MinimumVisualStudioVersion = 10.0.40219.1
Project("{FAE04EC0-301F-11D3-BF4B-00C04F79EFBC}") = "FirstC_SharpProg", "FirstC_SharpProg.csproj", "{35D8D3E8-DDAF-44B2-923B-91101195F648}"
EndProject
Global
	GlobalSection(SolutionConfigurationPlatforms) = preSolution
		Debug|Any CPU = Debug|Any CPU
		Release|Any CPU = Release|Any CPU
	EndGlobalSection
	GlobalSection(ProjectConfigurationPlatforms) = postSolution
		{35D8D3E8-DDAF-44B2-923B-91101195F648}.Debug|Any CPU.ActiveCfg = Debug|Any CPU
		{35D8D3E8-DDAF-44B2-923B-91101195F648}.Debug|Any CPU.Build.0 = Debug|Any CPU
		{35D8D3E8-DDAF-44B2-923B-91101195F648}.Release|Any CPU.ActiveCfg = Release|Any CPU
		{35D8D3E8-DDAF-44B2-923B-91101195F648}.Release|Any CPU.Build.0 = Release|Any CPU
	EndGlobalSection
	GlobalSection(SolutionProperties) = preSolution
		HideSolutionNode = FALSE
	EndGlobalSection
	GlobalSection(ExtensibilityGlobals) = postSolution
		SolutionGuid = {6E0FDBE7-AB9B-4677-87CF-1D12D41415DC}
	EndGlobalSection
EndGlobal
